// !$*UTF8*$!
{
	archiveVersion = 1;
	classes = {
	};
	objectVersion = 46;
	objects = {

/* Begin PBXBuildFile section */
		C6537E0917FE507800A56A7C /* event_01 in Resources */ = {isa = PBXBuildFile; fileRef = C6537E0817FE507800A56A7C /* event_01 */; };
		C6537E0B17FE509000A56A7C /* event_02 in Resources */ = {isa = PBXBuildFile; fileRef = C6537E0A17FE509000A56A7C /* event_02 */; };
		C6537E0D17FE50A800A56A7C /* event_03 in Resources */ = {isa = PBXBuildFile; fileRef = C6537E0C17FE50A800A56A7C /* event_03 */; };
		C6537E0F17FE752700A56A7C /* event_00 in Resources */ = {isa = PBXBuildFile; fileRef = C6537E0E17FE752700A56A7C /* event_00 */; };
		C6537E1217FE75D900A56A7C /* VWWEventsSummary.m in Sources */ = {isa = PBXBuildFile; fileRef = C6537E1117FE75D900A56A7C /* VWWEventsSummary.m */; };
		C6537E1617FE786800A56A7C /* VWWEvents.m in Sources */ = {isa = PBXBuildFile; fileRef = C6537E1517FE786800A56A7C /* VWWEvents.m */; };
		C6537E1A17FE7BAB00A56A7C /* VWWEventOrganizer.m in Sources */ = {isa = PBXBuildFile; fileRef = C6537E1917FE7BAB00A56A7C /* VWWEventOrganizer.m */; };
		C6537E1E17FE7BDF00A56A7C /* VWWEventVenue.m in Sources */ = {isa = PBXBuildFile; fileRef = C6537E1D17FE7BDF00A56A7C /* VWWEventVenue.m */; };
		C6537E2417FE80FD00A56A7C /* VWWEventTicket.m in Sources */ = {isa = PBXBuildFile; fileRef = C6537E2317FE80FD00A56A7C /* VWWEventTicket.m */; };
		C6537E2917FE8A2F00A56A7C /* Main_iPad.storyboard in Resources */ = {isa = PBXBuildFile; fileRef = C6537E2517FE8A2F00A56A7C /* Main_iPad.storyboard */; };
		C6537E2A17FE8A2F00A56A7C /* Main_iPhone.storyboard in Resources */ = {isa = PBXBuildFile; fileRef = C6537E2717FE8A2F00A56A7C /* Main_iPhone.storyboard */; };
		C6537E2D17FE8A9400A56A7C /* VWWTabBarController.m in Sources */ = {isa = PBXBuildFile; fileRef = C6537E2C17FE8A9400A56A7C /* VWWTabBarController.m */; };
		C6537E3017FE8AB500A56A7C /* VWWResultsMapViewController.m in Sources */ = {isa = PBXBuildFile; fileRef = C6537E2F17FE8AB500A56A7C /* VWWResultsMapViewController.m */; };
		C6537E3317FE8AD100A56A7C /* VWWResultsTableViewController.m in Sources */ = {isa = PBXBuildFile; fileRef = C6537E3217FE8AD100A56A7C /* VWWResultsTableViewController.m */; };
		C6537E3B17FE8DCA00A56A7C /* VWWEventDetailsViewController.m in Sources */ = {isa = PBXBuildFile; fileRef = C6537E3A17FE8DCA00A56A7C /* VWWEventDetailsViewController.m */; };
		C6537E3F17FE8E8900A56A7C /* VWWResultsTableViewCell.m in Sources */ = {isa = PBXBuildFile; fileRef = C6537E3E17FE8E8900A56A7C /* VWWResultsTableViewCell.m */; };
		C6537E4217FE905900A56A7C /* VWWEventsSearch.m in Sources */ = {isa = PBXBuildFile; fileRef = C6537E4117FE905900A56A7C /* VWWEventsSearch.m */; };
		C6B480CD17FE26D20047EB66 /* Foundation.framework in Frameworks */ = {isa = PBXBuildFile; fileRef = C6B480CC17FE26D20047EB66 /* Foundation.framework */; };
		C6B480CF17FE26D20047EB66 /* CoreGraphics.framework in Frameworks */ = {isa = PBXBuildFile; fileRef = C6B480CE17FE26D20047EB66 /* CoreGraphics.framework */; };
		C6B480D117FE26D20047EB66 /* UIKit.framework in Frameworks */ = {isa = PBXBuildFile; fileRef = C6B480D017FE26D20047EB66 /* UIKit.framework */; };
		C6B480D717FE26D20047EB66 /* InfoPlist.strings in Resources */ = {isa = PBXBuildFile; fileRef = C6B480D517FE26D20047EB66 /* InfoPlist.strings */; };
		C6B480D917FE26D20047EB66 /* main.m in Sources */ = {isa = PBXBuildFile; fileRef = C6B480D817FE26D20047EB66 /* main.m */; };
		C6B480DD17FE26D20047EB66 /* VWWAppDelegate.m in Sources */ = {isa = PBXBuildFile; fileRef = C6B480DC17FE26D20047EB66 /* VWWAppDelegate.m */; };
		C6B480E817FE26D20047EB66 /* Images.xcassets in Resources */ = {isa = PBXBuildFile; fileRef = C6B480E717FE26D20047EB66 /* Images.xcassets */; };
		C6B480EF17FE26D20047EB66 /* XCTest.framework in Frameworks */ = {isa = PBXBuildFile; fileRef = C6B480EE17FE26D20047EB66 /* XCTest.framework */; };
		C6B480F017FE26D20047EB66 /* Foundation.framework in Frameworks */ = {isa = PBXBuildFile; fileRef = C6B480CC17FE26D20047EB66 /* Foundation.framework */; };
		C6B480F117FE26D20047EB66 /* UIKit.framework in Frameworks */ = {isa = PBXBuildFile; fileRef = C6B480D017FE26D20047EB66 /* UIKit.framework */; };
		C6B480F917FE26D20047EB66 /* InfoPlist.strings in Resources */ = {isa = PBXBuildFile; fileRef = C6B480F717FE26D20047EB66 /* InfoPlist.strings */; };
		C6B480FB17FE26D20047EB66 /* EventBriteTests.m in Sources */ = {isa = PBXBuildFile; fileRef = C6B480FA17FE26D20047EB66 /* EventBriteTests.m */; };
		C6B4810B17FE273D0047EB66 /* README in Resources */ = {isa = PBXBuildFile; fileRef = C6B4810A17FE273D0047EB66 /* README */; };
		C6B4811717FE28350047EB66 /* CoreData.framework in Frameworks */ = {isa = PBXBuildFile; fileRef = C6B4811617FE28350047EB66 /* CoreData.framework */; };
		C6B4811B17FE288B0047EB66 /* EventBrite.xcdatamodeld in Sources */ = {isa = PBXBuildFile; fileRef = C6B4811917FE288B0047EB66 /* EventBrite.xcdatamodeld */; };
		C6B4815417FE2A0B0047EB66 /* NSData+MKBase64.m in Sources */ = {isa = PBXBuildFile; fileRef = C6B4812317FE2A0B0047EB66 /* NSData+MKBase64.m */; };
		C6B4815517FE2A0B0047EB66 /* NSDate+RFC1123.m in Sources */ = {isa = PBXBuildFile; fileRef = C6B4812517FE2A0B0047EB66 /* NSDate+RFC1123.m */; };
		C6B4815617FE2A0B0047EB66 /* NSDictionary+RequestEncoding.m in Sources */ = {isa = PBXBuildFile; fileRef = C6B4812717FE2A0B0047EB66 /* NSDictionary+RequestEncoding.m */; };
		C6B4815717FE2A0B0047EB66 /* NSString+MKNetworkKitAdditions.m in Sources */ = {isa = PBXBuildFile; fileRef = C6B4812917FE2A0B0047EB66 /* NSString+MKNetworkKitAdditions.m */; };
		C6B4815817FE2A0B0047EB66 /* UIAlertView+MKNetworkKitAdditions.m in Sources */ = {isa = PBXBuildFile; fileRef = C6B4812B17FE2A0B0047EB66 /* UIAlertView+MKNetworkKitAdditions.m */; };
		C6B4815A17FE2A0B0047EB66 /* MKNetworkEngine.m in Sources */ = {isa = PBXBuildFile; fileRef = C6B4812F17FE2A0B0047EB66 /* MKNetworkEngine.m */; };
		C6B4815B17FE2A0B0047EB66 /* MKNetworkOperation.m in Sources */ = {isa = PBXBuildFile; fileRef = C6B4813217FE2A0B0047EB66 /* MKNetworkOperation.m */; };
		C6B4815C17FE2A0B0047EB66 /* Reachability.m in Sources */ = {isa = PBXBuildFile; fileRef = C6B4813517FE2A0B0047EB66 /* Reachability.m */; };
		C6B4815D17FE2A0B0047EB66 /* MKAnnotationView+WebCache.m in Sources */ = {isa = PBXBuildFile; fileRef = C6B4813817FE2A0B0047EB66 /* MKAnnotationView+WebCache.m */; };
		C6B4815E17FE2A0B0047EB66 /* NSData+GIF.m in Sources */ = {isa = PBXBuildFile; fileRef = C6B4813A17FE2A0B0047EB66 /* NSData+GIF.m */; };
		C6B4815F17FE2A0B0047EB66 /* SDImageCache.m in Sources */ = {isa = PBXBuildFile; fileRef = C6B4813C17FE2A0B0047EB66 /* SDImageCache.m */; };
		C6B4816017FE2A0B0047EB66 /* SDWebImageCompat.m in Sources */ = {isa = PBXBuildFile; fileRef = C6B4813E17FE2A0B0047EB66 /* SDWebImageCompat.m */; };
		C6B4816117FE2A0B0047EB66 /* SDWebImageDecoder.m in Sources */ = {isa = PBXBuildFile; fileRef = C6B4814017FE2A0B0047EB66 /* SDWebImageDecoder.m */; };
		C6B4816217FE2A0B0047EB66 /* SDWebImageDownloader.m in Sources */ = {isa = PBXBuildFile; fileRef = C6B4814217FE2A0B0047EB66 /* SDWebImageDownloader.m */; };
		C6B4816317FE2A0B0047EB66 /* SDWebImageDownloaderOperation.m in Sources */ = {isa = PBXBuildFile; fileRef = C6B4814417FE2A0B0047EB66 /* SDWebImageDownloaderOperation.m */; };
		C6B4816417FE2A0B0047EB66 /* SDWebImageManager.m in Sources */ = {isa = PBXBuildFile; fileRef = C6B4814617FE2A0B0047EB66 /* SDWebImageManager.m */; };
		C6B4816517FE2A0B0047EB66 /* SDWebImagePrefetcher.m in Sources */ = {isa = PBXBuildFile; fileRef = C6B4814917FE2A0B0047EB66 /* SDWebImagePrefetcher.m */; };
		C6B4816617FE2A0B0047EB66 /* UIButton+WebCache.m in Sources */ = {isa = PBXBuildFile; fileRef = C6B4814B17FE2A0B0047EB66 /* UIButton+WebCache.m */; };
		C6B4816717FE2A0B0047EB66 /* UIImage+GIF.m in Sources */ = {isa = PBXBuildFile; fileRef = C6B4814D17FE2A0B0047EB66 /* UIImage+GIF.m */; };
		C6B4816817FE2A0B0047EB66 /* UIImage+MultiFormat.m in Sources */ = {isa = PBXBuildFile; fileRef = C6B4814F17FE2A0B0047EB66 /* UIImage+MultiFormat.m */; };
		C6B4816917FE2A0B0047EB66 /* UIImage+WebP.m in Sources */ = {isa = PBXBuildFile; fileRef = C6B4815117FE2A0B0047EB66 /* UIImage+WebP.m */; };
		C6B4816A17FE2A0B0047EB66 /* UIImageView+WebCache.m in Sources */ = {isa = PBXBuildFile; fileRef = C6B4815317FE2A0B0047EB66 /* UIImageView+WebCache.m */; };
		C6B4816D17FE2ADC0047EB66 /* UIColor+VWW.m in Sources */ = {isa = PBXBuildFile; fileRef = C6B4816C17FE2ADC0047EB66 /* UIColor+VWW.m */; };
		C6B4817617FE2B620047EB66 /* VWWRESTConfig.m in Sources */ = {isa = PBXBuildFile; fileRef = C6B4816F17FE2B620047EB66 /* VWWRESTConfig.m */; };
		C6B4817717FE2B620047EB66 /* VWWRESTEngine.m in Sources */ = {isa = PBXBuildFile; fileRef = C6B4817117FE2B620047EB66 /* VWWRESTEngine.m */; };
		C6B4817817FE2B620047EB66 /* VWWRESTParser.m in Sources */ = {isa = PBXBuildFile; fileRef = C6B4817317FE2B620047EB66 /* VWWRESTParser.m */; };
		C6B4817917FE2B620047EB66 /* VWWRESTSession.m in Sources */ = {isa = PBXBuildFile; fileRef = C6B4817517FE2B620047EB66 /* VWWRESTSession.m */; };
		C6B4817C17FE2BFD0047EB66 /* NSDictionary+TypedGetters.m in Sources */ = {isa = PBXBuildFile; fileRef = C6B4817B17FE2BFD0047EB66 /* NSDictionary+TypedGetters.m */; };
		C6B4818017FE2C540047EB66 /* VWWUtility.m in Sources */ = {isa = PBXBuildFile; fileRef = C6B4817F17FE2C540047EB66 /* VWWUtility.m */; };
		C6B4819217FE2EF30047EB66 /* VWWHTTPForm.m in Sources */ = {isa = PBXBuildFile; fileRef = C6B4818C17FE2EF30047EB66 /* VWWHTTPForm.m */; };
		C6B4819917FE2F200047EB66 /* VWWEvent.m in Sources */ = {isa = PBXBuildFile; fileRef = C6B4819617FE2F200047EB66 /* VWWEvent.m */; };
		C6B4819A17FE2F200047EB66 /* VWWUser.m in Sources */ = {isa = PBXBuildFile; fileRef = C6B4819817FE2F200047EB66 /* VWWUser.m */; };
		C6B4819D17FE2F580047EB66 /* VWWModel.m in Sources */ = {isa = PBXBuildFile; fileRef = C6B4819C17FE2F580047EB66 /* VWWModel.m */; };
		C6B481A017FE31520047EB66 /* VWWPagination.m in Sources */ = {isa = PBXBuildFile; fileRef = C6B4819F17FE31520047EB66 /* VWWPagination.m */; };
		C6B481A317FE31DD0047EB66 /* VWWPageForm.m in Sources */ = {isa = PBXBuildFile; fileRef = C6B481A217FE31DD0047EB66 /* VWWPageForm.m */; };
		C6B481A617FE324A0047EB66 /* VWWUserDefaults.m in Sources */ = {isa = PBXBuildFile; fileRef = C6B481A517FE324A0047EB66 /* VWWUserDefaults.m */; };
		C6B481AB17FE34330047EB66 /* VWWCreateEventForm.m in Sources */ = {isa = PBXBuildFile; fileRef = C6B481A817FE34330047EB66 /* VWWCreateEventForm.m */; };
		C6B481AC17FE34330047EB66 /* VWWGetEventsForm.m in Sources */ = {isa = PBXBuildFile; fileRef = C6B481AA17FE34330047EB66 /* VWWGetEventsForm.m */; };
		C6B481B217FE35CD0047EB66 /* VWWCredential.m in Sources */ = {isa = PBXBuildFile; fileRef = C6B481AF17FE35CD0047EB66 /* VWWCredential.m */; };
		C6B481B317FE35CD0047EB66 /* VWWKeychain.m in Sources */ = {isa = PBXBuildFile; fileRef = C6B481B117FE35CD0047EB66 /* VWWKeychain.m */; };
		C6B481B717FE36370047EB66 /* KeychainItemWrapper.m in Sources */ = {isa = PBXBuildFile; fileRef = C6B481B617FE36370047EB66 /* KeychainItemWrapper.m */; settings = {COMPILER_FLAGS = "-fno-objc-arc"; }; };
		C6B481B917FE3BDE0047EB66 /* Links in Resources */ = {isa = PBXBuildFile; fileRef = C6B481B817FE3BDE0047EB66 /* Links */; };
		C6B481BB17FE3C140047EB66 /* Settings.bundle in Resources */ = {isa = PBXBuildFile; fileRef = C6B481BA17FE3C140047EB66 /* Settings.bundle */; };
		C6B481BD17FE3EEF0047EB66 /* CURL in Resources */ = {isa = PBXBuildFile; fileRef = C6B481BC17FE3EEF0047EB66 /* CURL */; };
		C6B481C017FE416B0047EB66 /* VWWGetEventSearchForm.m in Sources */ = {isa = PBXBuildFile; fileRef = C6B481BF17FE416B0047EB66 /* VWWGetEventSearchForm.m */; };
		C6B481C217FE46F20047EB66 /* Assignment in Resources */ = {isa = PBXBuildFile; fileRef = C6B481C117FE46F20047EB66 /* Assignment */; };
		C6B481C517FE48AC0047EB66 /* VWWSearchViewController.m in Sources */ = {isa = PBXBuildFile; fileRef = C6B481C417FE48AC0047EB66 /* VWWSearchViewController.m */; };
		C6B481C817FE492E0047EB66 /* MBProgressHUD.m in Sources */ = {isa = PBXBuildFile; fileRef = C6B481C717FE492E0047EB66 /* MBProgressHUD.m */; };
		C6B481CB17FE4C750047EB66 /* VWWError.m in Sources */ = {isa = PBXBuildFile; fileRef = C6B481CA17FE4C750047EB66 /* VWWError.m */; };
/* End PBXBuildFile section */

/* Begin PBXContainerItemProxy section */
		C6B480F217FE26D20047EB66 /* PBXContainerItemProxy */ = {
			isa = PBXContainerItemProxy;
			containerPortal = C6B480C117FE26D20047EB66 /* Project object */;
			proxyType = 1;
			remoteGlobalIDString = C6B480C817FE26D20047EB66;
			remoteInfo = EventBrite;
		};
/* End PBXContainerItemProxy section */

/* Begin PBXFileReference section */
		C6537E0817FE507800A56A7C /* event_01 */ = {isa = PBXFileReference; fileEncoding = 4; lastKnownFileType = text; path = event_01; sourceTree = "<group>"; };
		C6537E0A17FE509000A56A7C /* event_02 */ = {isa = PBXFileReference; fileEncoding = 4; lastKnownFileType = text; path = event_02; sourceTree = "<group>"; };
		C6537E0C17FE50A800A56A7C /* event_03 */ = {isa = PBXFileReference; fileEncoding = 4; lastKnownFileType = text; path = event_03; sourceTree = "<group>"; };
		C6537E0E17FE752700A56A7C /* event_00 */ = {isa = PBXFileReference; fileEncoding = 4; lastKnownFileType = text; path = event_00; sourceTree = "<group>"; };
		C6537E1017FE75D900A56A7C /* VWWEventsSummary.h */ = {isa = PBXFileReference; fileEncoding = 4; lastKnownFileType = sourcecode.c.h; path = VWWEventsSummary.h; sourceTree = "<group>"; };
		C6537E1117FE75D900A56A7C /* VWWEventsSummary.m */ = {isa = PBXFileReference; fileEncoding = 4; lastKnownFileType = sourcecode.c.objc; path = VWWEventsSummary.m; sourceTree = "<group>"; };
		C6537E1417FE786800A56A7C /* VWWEvents.h */ = {isa = PBXFileReference; fileEncoding = 4; lastKnownFileType = sourcecode.c.h; path = VWWEvents.h; sourceTree = "<group>"; };
		C6537E1517FE786800A56A7C /* VWWEvents.m */ = {isa = PBXFileReference; fileEncoding = 4; lastKnownFileType = sourcecode.c.objc; path = VWWEvents.m; sourceTree = "<group>"; };
		C6537E1817FE7BAB00A56A7C /* VWWEventOrganizer.h */ = {isa = PBXFileReference; fileEncoding = 4; lastKnownFileType = sourcecode.c.h; path = VWWEventOrganizer.h; sourceTree = "<group>"; };
		C6537E1917FE7BAB00A56A7C /* VWWEventOrganizer.m */ = {isa = PBXFileReference; fileEncoding = 4; lastKnownFileType = sourcecode.c.objc; path = VWWEventOrganizer.m; sourceTree = "<group>"; };
		C6537E1C17FE7BDF00A56A7C /* VWWEventVenue.h */ = {isa = PBXFileReference; fileEncoding = 4; lastKnownFileType = sourcecode.c.h; path = VWWEventVenue.h; sourceTree = "<group>"; };
		C6537E1D17FE7BDF00A56A7C /* VWWEventVenue.m */ = {isa = PBXFileReference; fileEncoding = 4; lastKnownFileType = sourcecode.c.objc; path = VWWEventVenue.m; sourceTree = "<group>"; };
		C6537E2217FE80FD00A56A7C /* VWWEventTicket.h */ = {isa = PBXFileReference; fileEncoding = 4; lastKnownFileType = sourcecode.c.h; path = VWWEventTicket.h; sourceTree = "<group>"; };
		C6537E2317FE80FD00A56A7C /* VWWEventTicket.m */ = {isa = PBXFileReference; fileEncoding = 4; lastKnownFileType = sourcecode.c.objc; path = VWWEventTicket.m; sourceTree = "<group>"; };
		C6537E2617FE8A2F00A56A7C /* Base */ = {isa = PBXFileReference; lastKnownFileType = file.storyboard; name = Base; path = EventBrite/Base.lproj/Main_iPad.storyboard; sourceTree = SOURCE_ROOT; };
		C6537E2817FE8A2F00A56A7C /* Base */ = {isa = PBXFileReference; lastKnownFileType = file.storyboard; name = Base; path = EventBrite/Base.lproj/Main_iPhone.storyboard; sourceTree = SOURCE_ROOT; };
		C6537E2B17FE8A9400A56A7C /* VWWTabBarController.h */ = {isa = PBXFileReference; fileEncoding = 4; lastKnownFileType = sourcecode.c.h; path = VWWTabBarController.h; sourceTree = "<group>"; };
		C6537E2C17FE8A9400A56A7C /* VWWTabBarController.m */ = {isa = PBXFileReference; fileEncoding = 4; lastKnownFileType = sourcecode.c.objc; path = VWWTabBarController.m; sourceTree = "<group>"; };
		C6537E2E17FE8AB500A56A7C /* VWWResultsMapViewController.h */ = {isa = PBXFileReference; fileEncoding = 4; lastKnownFileType = sourcecode.c.h; path = VWWResultsMapViewController.h; sourceTree = "<group>"; };
		C6537E2F17FE8AB500A56A7C /* VWWResultsMapViewController.m */ = {isa = PBXFileReference; fileEncoding = 4; lastKnownFileType = sourcecode.c.objc; path = VWWResultsMapViewController.m; sourceTree = "<group>"; };
		C6537E3117FE8AD100A56A7C /* VWWResultsTableViewController.h */ = {isa = PBXFileReference; fileEncoding = 4; lastKnownFileType = sourcecode.c.h; path = VWWResultsTableViewController.h; sourceTree = "<group>"; };
		C6537E3217FE8AD100A56A7C /* VWWResultsTableViewController.m */ = {isa = PBXFileReference; fileEncoding = 4; lastKnownFileType = sourcecode.c.objc; path = VWWResultsTableViewController.m; sourceTree = "<group>"; };
		C6537E3917FE8DCA00A56A7C /* VWWEventDetailsViewController.h */ = {isa = PBXFileReference; fileEncoding = 4; lastKnownFileType = sourcecode.c.h; path = VWWEventDetailsViewController.h; sourceTree = "<group>"; };
		C6537E3A17FE8DCA00A56A7C /* VWWEventDetailsViewController.m */ = {isa = PBXFileReference; fileEncoding = 4; lastKnownFileType = sourcecode.c.objc; path = VWWEventDetailsViewController.m; sourceTree = "<group>"; };
		C6537E3D17FE8E8900A56A7C /* VWWResultsTableViewCell.h */ = {isa = PBXFileReference; fileEncoding = 4; lastKnownFileType = sourcecode.c.h; path = VWWResultsTableViewCell.h; sourceTree = "<group>"; };
		C6537E3E17FE8E8900A56A7C /* VWWResultsTableViewCell.m */ = {isa = PBXFileReference; fileEncoding = 4; lastKnownFileType = sourcecode.c.objc; path = VWWResultsTableViewCell.m; sourceTree = "<group>"; };
		C6537E4017FE905900A56A7C /* VWWEventsSearch.h */ = {isa = PBXFileReference; fileEncoding = 4; lastKnownFileType = sourcecode.c.h; path = VWWEventsSearch.h; sourceTree = "<group>"; };
		C6537E4117FE905900A56A7C /* VWWEventsSearch.m */ = {isa = PBXFileReference; fileEncoding = 4; lastKnownFileType = sourcecode.c.objc; path = VWWEventsSearch.m; sourceTree = "<group>"; };
		C6B480C917FE26D20047EB66 /* EventBrite.app */ = {isa = PBXFileReference; explicitFileType = wrapper.application; includeInIndex = 0; path = EventBrite.app; sourceTree = BUILT_PRODUCTS_DIR; };
		C6B480CC17FE26D20047EB66 /* Foundation.framework */ = {isa = PBXFileReference; lastKnownFileType = wrapper.framework; name = Foundation.framework; path = System/Library/Frameworks/Foundation.framework; sourceTree = SDKROOT; };
		C6B480CE17FE26D20047EB66 /* CoreGraphics.framework */ = {isa = PBXFileReference; lastKnownFileType = wrapper.framework; name = CoreGraphics.framework; path = System/Library/Frameworks/CoreGraphics.framework; sourceTree = SDKROOT; };
		C6B480D017FE26D20047EB66 /* UIKit.framework */ = {isa = PBXFileReference; lastKnownFileType = wrapper.framework; name = UIKit.framework; path = System/Library/Frameworks/UIKit.framework; sourceTree = SDKROOT; };
		C6B480D417FE26D20047EB66 /* EventBrite-Info.plist */ = {isa = PBXFileReference; lastKnownFileType = text.plist.xml; path = "EventBrite-Info.plist"; sourceTree = "<group>"; };
		C6B480D617FE26D20047EB66 /* en */ = {isa = PBXFileReference; lastKnownFileType = text.plist.strings; name = en; path = en.lproj/InfoPlist.strings; sourceTree = "<group>"; };
		C6B480D817FE26D20047EB66 /* main.m */ = {isa = PBXFileReference; lastKnownFileType = sourcecode.c.objc; path = main.m; sourceTree = "<group>"; };
		C6B480DA17FE26D20047EB66 /* EventBrite-Prefix.pch */ = {isa = PBXFileReference; lastKnownFileType = sourcecode.c.h; path = "EventBrite-Prefix.pch"; sourceTree = "<group>"; };
		C6B480DB17FE26D20047EB66 /* VWWAppDelegate.h */ = {isa = PBXFileReference; lastKnownFileType = sourcecode.c.h; path = VWWAppDelegate.h; sourceTree = "<group>"; };
		C6B480DC17FE26D20047EB66 /* VWWAppDelegate.m */ = {isa = PBXFileReference; lastKnownFileType = sourcecode.c.objc; path = VWWAppDelegate.m; sourceTree = "<group>"; };
		C6B480E717FE26D20047EB66 /* Images.xcassets */ = {isa = PBXFileReference; lastKnownFileType = folder.assetcatalog; path = Images.xcassets; sourceTree = "<group>"; };
		C6B480ED17FE26D20047EB66 /* EventBriteTests.xctest */ = {isa = PBXFileReference; explicitFileType = wrapper.cfbundle; includeInIndex = 0; path = EventBriteTests.xctest; sourceTree = BUILT_PRODUCTS_DIR; };
		C6B480EE17FE26D20047EB66 /* XCTest.framework */ = {isa = PBXFileReference; lastKnownFileType = wrapper.framework; name = XCTest.framework; path = Library/Frameworks/XCTest.framework; sourceTree = DEVELOPER_DIR; };
		C6B480F617FE26D20047EB66 /* EventBriteTests-Info.plist */ = {isa = PBXFileReference; lastKnownFileType = text.plist.xml; path = "EventBriteTests-Info.plist"; sourceTree = "<group>"; };
		C6B480F817FE26D20047EB66 /* en */ = {isa = PBXFileReference; lastKnownFileType = text.plist.strings; name = en; path = en.lproj/InfoPlist.strings; sourceTree = "<group>"; };
		C6B480FA17FE26D20047EB66 /* EventBriteTests.m */ = {isa = PBXFileReference; lastKnownFileType = sourcecode.c.objc; path = EventBriteTests.m; sourceTree = "<group>"; };
		C6B4810A17FE273D0047EB66 /* README */ = {isa = PBXFileReference; fileEncoding = 4; lastKnownFileType = text; path = README; sourceTree = "<group>"; };
		C6B4811617FE28350047EB66 /* CoreData.framework */ = {isa = PBXFileReference; lastKnownFileType = wrapper.framework; name = CoreData.framework; path = System/Library/Frameworks/CoreData.framework; sourceTree = SDKROOT; };
		C6B4811A17FE288B0047EB66 /* EventBrite.xcdatamodel */ = {isa = PBXFileReference; lastKnownFileType = wrapper.xcdatamodel; path = EventBrite.xcdatamodel; sourceTree = "<group>"; };
		C6B4812217FE2A0B0047EB66 /* NSData+MKBase64.h */ = {isa = PBXFileReference; fileEncoding = 4; lastKnownFileType = sourcecode.c.h; path = "NSData+MKBase64.h"; sourceTree = "<group>"; };
		C6B4812317FE2A0B0047EB66 /* NSData+MKBase64.m */ = {isa = PBXFileReference; fileEncoding = 4; lastKnownFileType = sourcecode.c.objc; path = "NSData+MKBase64.m"; sourceTree = "<group>"; };
		C6B4812417FE2A0B0047EB66 /* NSDate+RFC1123.h */ = {isa = PBXFileReference; fileEncoding = 4; lastKnownFileType = sourcecode.c.h; path = "NSDate+RFC1123.h"; sourceTree = "<group>"; };
		C6B4812517FE2A0B0047EB66 /* NSDate+RFC1123.m */ = {isa = PBXFileReference; fileEncoding = 4; lastKnownFileType = sourcecode.c.objc; path = "NSDate+RFC1123.m"; sourceTree = "<group>"; };
		C6B4812617FE2A0B0047EB66 /* NSDictionary+RequestEncoding.h */ = {isa = PBXFileReference; fileEncoding = 4; lastKnownFileType = sourcecode.c.h; path = "NSDictionary+RequestEncoding.h"; sourceTree = "<group>"; };
		C6B4812717FE2A0B0047EB66 /* NSDictionary+RequestEncoding.m */ = {isa = PBXFileReference; fileEncoding = 4; lastKnownFileType = sourcecode.c.objc; path = "NSDictionary+RequestEncoding.m"; sourceTree = "<group>"; };
		C6B4812817FE2A0B0047EB66 /* NSString+MKNetworkKitAdditions.h */ = {isa = PBXFileReference; fileEncoding = 4; lastKnownFileType = sourcecode.c.h; path = "NSString+MKNetworkKitAdditions.h"; sourceTree = "<group>"; };
		C6B4812917FE2A0B0047EB66 /* NSString+MKNetworkKitAdditions.m */ = {isa = PBXFileReference; fileEncoding = 4; lastKnownFileType = sourcecode.c.objc; path = "NSString+MKNetworkKitAdditions.m"; sourceTree = "<group>"; };
		C6B4812A17FE2A0B0047EB66 /* UIAlertView+MKNetworkKitAdditions.h */ = {isa = PBXFileReference; fileEncoding = 4; lastKnownFileType = sourcecode.c.h; path = "UIAlertView+MKNetworkKitAdditions.h"; sourceTree = "<group>"; };
		C6B4812B17FE2A0B0047EB66 /* UIAlertView+MKNetworkKitAdditions.m */ = {isa = PBXFileReference; fileEncoding = 4; lastKnownFileType = sourcecode.c.objc; path = "UIAlertView+MKNetworkKitAdditions.m"; sourceTree = "<group>"; };
		C6B4812C17FE2A0B0047EB66 /* UIImageView+MKNetworkKitAdditions.h */ = {isa = PBXFileReference; fileEncoding = 4; lastKnownFileType = sourcecode.c.h; path = "UIImageView+MKNetworkKitAdditions.h"; sourceTree = "<group>"; };
		C6B4812D17FE2A0B0047EB66 /* UIImageView+MKNetworkKitAdditions.m */ = {isa = PBXFileReference; fileEncoding = 4; lastKnownFileType = sourcecode.c.objc; path = "UIImageView+MKNetworkKitAdditions.m"; sourceTree = "<group>"; };
		C6B4812E17FE2A0B0047EB66 /* MKNetworkEngine.h */ = {isa = PBXFileReference; fileEncoding = 4; lastKnownFileType = sourcecode.c.h; path = MKNetworkEngine.h; sourceTree = "<group>"; };
		C6B4812F17FE2A0B0047EB66 /* MKNetworkEngine.m */ = {isa = PBXFileReference; fileEncoding = 4; lastKnownFileType = sourcecode.c.objc; path = MKNetworkEngine.m; sourceTree = "<group>"; };
		C6B4813017FE2A0B0047EB66 /* MKNetworkKit.h */ = {isa = PBXFileReference; fileEncoding = 4; lastKnownFileType = sourcecode.c.h; path = MKNetworkKit.h; sourceTree = "<group>"; };
		C6B4813117FE2A0B0047EB66 /* MKNetworkOperation.h */ = {isa = PBXFileReference; fileEncoding = 4; lastKnownFileType = sourcecode.c.h; path = MKNetworkOperation.h; sourceTree = "<group>"; };
		C6B4813217FE2A0B0047EB66 /* MKNetworkOperation.m */ = {isa = PBXFileReference; fileEncoding = 4; lastKnownFileType = sourcecode.c.objc; path = MKNetworkOperation.m; sourceTree = "<group>"; };
		C6B4813417FE2A0B0047EB66 /* Reachability.h */ = {isa = PBXFileReference; fileEncoding = 4; lastKnownFileType = sourcecode.c.h; path = Reachability.h; sourceTree = "<group>"; };
		C6B4813517FE2A0B0047EB66 /* Reachability.m */ = {isa = PBXFileReference; fileEncoding = 4; lastKnownFileType = sourcecode.c.objc; path = Reachability.m; sourceTree = "<group>"; };
		C6B4813717FE2A0B0047EB66 /* MKAnnotationView+WebCache.h */ = {isa = PBXFileReference; fileEncoding = 4; lastKnownFileType = sourcecode.c.h; path = "MKAnnotationView+WebCache.h"; sourceTree = "<group>"; };
		C6B4813817FE2A0B0047EB66 /* MKAnnotationView+WebCache.m */ = {isa = PBXFileReference; fileEncoding = 4; lastKnownFileType = sourcecode.c.objc; path = "MKAnnotationView+WebCache.m"; sourceTree = "<group>"; };
		C6B4813917FE2A0B0047EB66 /* NSData+GIF.h */ = {isa = PBXFileReference; fileEncoding = 4; lastKnownFileType = sourcecode.c.h; path = "NSData+GIF.h"; sourceTree = "<group>"; };
		C6B4813A17FE2A0B0047EB66 /* NSData+GIF.m */ = {isa = PBXFileReference; fileEncoding = 4; lastKnownFileType = sourcecode.c.objc; path = "NSData+GIF.m"; sourceTree = "<group>"; };
		C6B4813B17FE2A0B0047EB66 /* SDImageCache.h */ = {isa = PBXFileReference; fileEncoding = 4; lastKnownFileType = sourcecode.c.h; path = SDImageCache.h; sourceTree = "<group>"; };
		C6B4813C17FE2A0B0047EB66 /* SDImageCache.m */ = {isa = PBXFileReference; fileEncoding = 4; lastKnownFileType = sourcecode.c.objc; path = SDImageCache.m; sourceTree = "<group>"; };
		C6B4813D17FE2A0B0047EB66 /* SDWebImageCompat.h */ = {isa = PBXFileReference; fileEncoding = 4; lastKnownFileType = sourcecode.c.h; path = SDWebImageCompat.h; sourceTree = "<group>"; };
		C6B4813E17FE2A0B0047EB66 /* SDWebImageCompat.m */ = {isa = PBXFileReference; fileEncoding = 4; lastKnownFileType = sourcecode.c.objc; path = SDWebImageCompat.m; sourceTree = "<group>"; };
		C6B4813F17FE2A0B0047EB66 /* SDWebImageDecoder.h */ = {isa = PBXFileReference; fileEncoding = 4; lastKnownFileType = sourcecode.c.h; path = SDWebImageDecoder.h; sourceTree = "<group>"; };
		C6B4814017FE2A0B0047EB66 /* SDWebImageDecoder.m */ = {isa = PBXFileReference; fileEncoding = 4; lastKnownFileType = sourcecode.c.objc; path = SDWebImageDecoder.m; sourceTree = "<group>"; };
		C6B4814117FE2A0B0047EB66 /* SDWebImageDownloader.h */ = {isa = PBXFileReference; fileEncoding = 4; lastKnownFileType = sourcecode.c.h; path = SDWebImageDownloader.h; sourceTree = "<group>"; };
		C6B4814217FE2A0B0047EB66 /* SDWebImageDownloader.m */ = {isa = PBXFileReference; fileEncoding = 4; lastKnownFileType = sourcecode.c.objc; path = SDWebImageDownloader.m; sourceTree = "<group>"; };
		C6B4814317FE2A0B0047EB66 /* SDWebImageDownloaderOperation.h */ = {isa = PBXFileReference; fileEncoding = 4; lastKnownFileType = sourcecode.c.h; path = SDWebImageDownloaderOperation.h; sourceTree = "<group>"; };
		C6B4814417FE2A0B0047EB66 /* SDWebImageDownloaderOperation.m */ = {isa = PBXFileReference; fileEncoding = 4; lastKnownFileType = sourcecode.c.objc; path = SDWebImageDownloaderOperation.m; sourceTree = "<group>"; };
		C6B4814517FE2A0B0047EB66 /* SDWebImageManager.h */ = {isa = PBXFileReference; fileEncoding = 4; lastKnownFileType = sourcecode.c.h; path = SDWebImageManager.h; sourceTree = "<group>"; };
		C6B4814617FE2A0B0047EB66 /* SDWebImageManager.m */ = {isa = PBXFileReference; fileEncoding = 4; lastKnownFileType = sourcecode.c.objc; path = SDWebImageManager.m; sourceTree = "<group>"; };
		C6B4814717FE2A0B0047EB66 /* SDWebImageOperation.h */ = {isa = PBXFileReference; fileEncoding = 4; lastKnownFileType = sourcecode.c.h; path = SDWebImageOperation.h; sourceTree = "<group>"; };
		C6B4814817FE2A0B0047EB66 /* SDWebImagePrefetcher.h */ = {isa = PBXFileReference; fileEncoding = 4; lastKnownFileType = sourcecode.c.h; path = SDWebImagePrefetcher.h; sourceTree = "<group>"; };
		C6B4814917FE2A0B0047EB66 /* SDWebImagePrefetcher.m */ = {isa = PBXFileReference; fileEncoding = 4; lastKnownFileType = sourcecode.c.objc; path = SDWebImagePrefetcher.m; sourceTree = "<group>"; };
		C6B4814A17FE2A0B0047EB66 /* UIButton+WebCache.h */ = {isa = PBXFileReference; fileEncoding = 4; lastKnownFileType = sourcecode.c.h; path = "UIButton+WebCache.h"; sourceTree = "<group>"; };
		C6B4814B17FE2A0B0047EB66 /* UIButton+WebCache.m */ = {isa = PBXFileReference; fileEncoding = 4; lastKnownFileType = sourcecode.c.objc; path = "UIButton+WebCache.m"; sourceTree = "<group>"; };
		C6B4814C17FE2A0B0047EB66 /* UIImage+GIF.h */ = {isa = PBXFileReference; fileEncoding = 4; lastKnownFileType = sourcecode.c.h; path = "UIImage+GIF.h"; sourceTree = "<group>"; };
		C6B4814D17FE2A0B0047EB66 /* UIImage+GIF.m */ = {isa = PBXFileReference; fileEncoding = 4; lastKnownFileType = sourcecode.c.objc; path = "UIImage+GIF.m"; sourceTree = "<group>"; };
		C6B4814E17FE2A0B0047EB66 /* UIImage+MultiFormat.h */ = {isa = PBXFileReference; fileEncoding = 4; lastKnownFileType = sourcecode.c.h; path = "UIImage+MultiFormat.h"; sourceTree = "<group>"; };
		C6B4814F17FE2A0B0047EB66 /* UIImage+MultiFormat.m */ = {isa = PBXFileReference; fileEncoding = 4; lastKnownFileType = sourcecode.c.objc; path = "UIImage+MultiFormat.m"; sourceTree = "<group>"; };
		C6B4815017FE2A0B0047EB66 /* UIImage+WebP.h */ = {isa = PBXFileReference; fileEncoding = 4; lastKnownFileType = sourcecode.c.h; path = "UIImage+WebP.h"; sourceTree = "<group>"; };
		C6B4815117FE2A0B0047EB66 /* UIImage+WebP.m */ = {isa = PBXFileReference; fileEncoding = 4; lastKnownFileType = sourcecode.c.objc; path = "UIImage+WebP.m"; sourceTree = "<group>"; };
		C6B4815217FE2A0B0047EB66 /* UIImageView+WebCache.h */ = {isa = PBXFileReference; fileEncoding = 4; lastKnownFileType = sourcecode.c.h; path = "UIImageView+WebCache.h"; sourceTree = "<group>"; };
		C6B4815317FE2A0B0047EB66 /* UIImageView+WebCache.m */ = {isa = PBXFileReference; fileEncoding = 4; lastKnownFileType = sourcecode.c.objc; path = "UIImageView+WebCache.m"; sourceTree = "<group>"; };
		C6B4816B17FE2ADC0047EB66 /* UIColor+VWW.h */ = {isa = PBXFileReference; fileEncoding = 4; lastKnownFileType = sourcecode.c.h; path = "UIColor+VWW.h"; sourceTree = "<group>"; };
		C6B4816C17FE2ADC0047EB66 /* UIColor+VWW.m */ = {isa = PBXFileReference; fileEncoding = 4; lastKnownFileType = sourcecode.c.objc; path = "UIColor+VWW.m"; sourceTree = "<group>"; };
		C6B4816E17FE2B620047EB66 /* VWWRESTConfig.h */ = {isa = PBXFileReference; fileEncoding = 4; lastKnownFileType = sourcecode.c.h; path = VWWRESTConfig.h; sourceTree = "<group>"; };
		C6B4816F17FE2B620047EB66 /* VWWRESTConfig.m */ = {isa = PBXFileReference; fileEncoding = 4; lastKnownFileType = sourcecode.c.objc; path = VWWRESTConfig.m; sourceTree = "<group>"; };
		C6B4817017FE2B620047EB66 /* VWWRESTEngine.h */ = {isa = PBXFileReference; fileEncoding = 4; lastKnownFileType = sourcecode.c.h; path = VWWRESTEngine.h; sourceTree = "<group>"; };
		C6B4817117FE2B620047EB66 /* VWWRESTEngine.m */ = {isa = PBXFileReference; fileEncoding = 4; lastKnownFileType = sourcecode.c.objc; path = VWWRESTEngine.m; sourceTree = "<group>"; };
		C6B4817217FE2B620047EB66 /* VWWRESTParser.h */ = {isa = PBXFileReference; fileEncoding = 4; lastKnownFileType = sourcecode.c.h; path = VWWRESTParser.h; sourceTree = "<group>"; };
		C6B4817317FE2B620047EB66 /* VWWRESTParser.m */ = {isa = PBXFileReference; fileEncoding = 4; lastKnownFileType = sourcecode.c.objc; path = VWWRESTParser.m; sourceTree = "<group>"; };
		C6B4817417FE2B620047EB66 /* VWWRESTSession.h */ = {isa = PBXFileReference; fileEncoding = 4; lastKnownFileType = sourcecode.c.h; path = VWWRESTSession.h; sourceTree = "<group>"; };
		C6B4817517FE2B620047EB66 /* VWWRESTSession.m */ = {isa = PBXFileReference; fileEncoding = 4; lastKnownFileType = sourcecode.c.objc; path = VWWRESTSession.m; sourceTree = "<group>"; };
		C6B4817A17FE2BFD0047EB66 /* NSDictionary+TypedGetters.h */ = {isa = PBXFileReference; fileEncoding = 4; lastKnownFileType = sourcecode.c.h; path = "NSDictionary+TypedGetters.h"; sourceTree = "<group>"; };
		C6B4817B17FE2BFD0047EB66 /* NSDictionary+TypedGetters.m */ = {isa = PBXFileReference; fileEncoding = 4; lastKnownFileType = sourcecode.c.objc; path = "NSDictionary+TypedGetters.m"; sourceTree = "<group>"; };
		C6B4817E17FE2C540047EB66 /* VWWUtility.h */ = {isa = PBXFileReference; fileEncoding = 4; lastKnownFileType = sourcecode.c.h; path = VWWUtility.h; sourceTree = "<group>"; };
		C6B4817F17FE2C540047EB66 /* VWWUtility.m */ = {isa = PBXFileReference; fileEncoding = 4; lastKnownFileType = sourcecode.c.objc; path = VWWUtility.m; sourceTree = "<group>"; };
		C6B4818317FE2DA00047EB66 /* VWWBlocks.h */ = {isa = PBXFileReference; fileEncoding = 4; lastKnownFileType = sourcecode.c.h; name = VWWBlocks.h; path = Include/VWWBlocks.h; sourceTree = "<group>"; };
		C6B4818417FE2DAF0047EB66 /* VWWTypes.h */ = {isa = PBXFileReference; lastKnownFileType = sourcecode.c.h; name = VWWTypes.h; path = Include/VWWTypes.h; sourceTree = "<group>"; };
		C6B4818517FE2DBD0047EB66 /* VWWDefines.h */ = {isa = PBXFileReference; lastKnownFileType = sourcecode.c.h; name = VWWDefines.h; path = Include/VWWDefines.h; sourceTree = "<group>"; };
		C6B4818B17FE2EF30047EB66 /* VWWHTTPForm.h */ = {isa = PBXFileReference; fileEncoding = 4; lastKnownFileType = sourcecode.c.h; path = VWWHTTPForm.h; sourceTree = "<group>"; };
		C6B4818C17FE2EF30047EB66 /* VWWHTTPForm.m */ = {isa = PBXFileReference; fileEncoding = 4; lastKnownFileType = sourcecode.c.objc; path = VWWHTTPForm.m; sourceTree = "<group>"; };
		C6B4818D17FE2EF30047EB66 /* VWWHTTPFormProtocol.h */ = {isa = PBXFileReference; fileEncoding = 4; lastKnownFileType = sourcecode.c.h; path = VWWHTTPFormProtocol.h; sourceTree = "<group>"; };
		C6B4819517FE2F200047EB66 /* VWWEvent.h */ = {isa = PBXFileReference; fileEncoding = 4; lastKnownFileType = sourcecode.c.h; path = VWWEvent.h; sourceTree = "<group>"; };
		C6B4819617FE2F200047EB66 /* VWWEvent.m */ = {isa = PBXFileReference; fileEncoding = 4; lastKnownFileType = sourcecode.c.objc; path = VWWEvent.m; sourceTree = "<group>"; };
		C6B4819717FE2F200047EB66 /* VWWUser.h */ = {isa = PBXFileReference; fileEncoding = 4; lastKnownFileType = sourcecode.c.h; path = VWWUser.h; sourceTree = "<group>"; };
		C6B4819817FE2F200047EB66 /* VWWUser.m */ = {isa = PBXFileReference; fileEncoding = 4; lastKnownFileType = sourcecode.c.objc; path = VWWUser.m; sourceTree = "<group>"; };
		C6B4819B17FE2F580047EB66 /* VWWModel.h */ = {isa = PBXFileReference; fileEncoding = 4; lastKnownFileType = sourcecode.c.h; path = VWWModel.h; sourceTree = "<group>"; };
		C6B4819C17FE2F580047EB66 /* VWWModel.m */ = {isa = PBXFileReference; fileEncoding = 4; lastKnownFileType = sourcecode.c.objc; path = VWWModel.m; sourceTree = "<group>"; };
		C6B4819E17FE31520047EB66 /* VWWPagination.h */ = {isa = PBXFileReference; fileEncoding = 4; lastKnownFileType = sourcecode.c.h; path = VWWPagination.h; sourceTree = "<group>"; };
		C6B4819F17FE31520047EB66 /* VWWPagination.m */ = {isa = PBXFileReference; fileEncoding = 4; lastKnownFileType = sourcecode.c.objc; path = VWWPagination.m; sourceTree = "<group>"; };
		C6B481A117FE31DD0047EB66 /* VWWPageForm.h */ = {isa = PBXFileReference; fileEncoding = 4; lastKnownFileType = sourcecode.c.h; path = VWWPageForm.h; sourceTree = "<group>"; };
		C6B481A217FE31DD0047EB66 /* VWWPageForm.m */ = {isa = PBXFileReference; fileEncoding = 4; lastKnownFileType = sourcecode.c.objc; path = VWWPageForm.m; sourceTree = "<group>"; };
		C6B481A417FE324A0047EB66 /* VWWUserDefaults.h */ = {isa = PBXFileReference; fileEncoding = 4; lastKnownFileType = sourcecode.c.h; path = VWWUserDefaults.h; sourceTree = "<group>"; };
		C6B481A517FE324A0047EB66 /* VWWUserDefaults.m */ = {isa = PBXFileReference; fileEncoding = 4; lastKnownFileType = sourcecode.c.objc; path = VWWUserDefaults.m; sourceTree = "<group>"; };
		C6B481A717FE342A0047EB66 /* VWWCreateEventForm.h */ = {isa = PBXFileReference; fileEncoding = 4; lastKnownFileType = sourcecode.c.h; path = VWWCreateEventForm.h; sourceTree = "<group>"; };
		C6B481A817FE34330047EB66 /* VWWCreateEventForm.m */ = {isa = PBXFileReference; fileEncoding = 4; lastKnownFileType = sourcecode.c.objc; path = VWWCreateEventForm.m; sourceTree = "<group>"; };
		C6B481A917FE34330047EB66 /* VWWGetEventsForm.h */ = {isa = PBXFileReference; fileEncoding = 4; lastKnownFileType = sourcecode.c.h; path = VWWGetEventsForm.h; sourceTree = "<group>"; };
		C6B481AA17FE34330047EB66 /* VWWGetEventsForm.m */ = {isa = PBXFileReference; fileEncoding = 4; lastKnownFileType = sourcecode.c.objc; path = VWWGetEventsForm.m; sourceTree = "<group>"; };
		C6B481AE17FE35CD0047EB66 /* VWWCredential.h */ = {isa = PBXFileReference; fileEncoding = 4; lastKnownFileType = sourcecode.c.h; path = VWWCredential.h; sourceTree = "<group>"; };
		C6B481AF17FE35CD0047EB66 /* VWWCredential.m */ = {isa = PBXFileReference; fileEncoding = 4; lastKnownFileType = sourcecode.c.objc; path = VWWCredential.m; sourceTree = "<group>"; };
		C6B481B017FE35CD0047EB66 /* VWWKeychain.h */ = {isa = PBXFileReference; fileEncoding = 4; lastKnownFileType = sourcecode.c.h; path = VWWKeychain.h; sourceTree = "<group>"; };
		C6B481B117FE35CD0047EB66 /* VWWKeychain.m */ = {isa = PBXFileReference; fileEncoding = 4; lastKnownFileType = sourcecode.c.objc; path = VWWKeychain.m; sourceTree = "<group>"; };
		C6B481B517FE36370047EB66 /* KeychainItemWrapper.h */ = {isa = PBXFileReference; fileEncoding = 4; lastKnownFileType = sourcecode.c.h; path = KeychainItemWrapper.h; sourceTree = "<group>"; };
		C6B481B617FE36370047EB66 /* KeychainItemWrapper.m */ = {isa = PBXFileReference; fileEncoding = 4; lastKnownFileType = sourcecode.c.objc; path = KeychainItemWrapper.m; sourceTree = "<group>"; };
		C6B481B817FE3BDE0047EB66 /* Links */ = {isa = PBXFileReference; fileEncoding = 4; lastKnownFileType = text; path = Links; sourceTree = "<group>"; };
		C6B481BA17FE3C140047EB66 /* Settings.bundle */ = {isa = PBXFileReference; lastKnownFileType = "wrapper.plug-in"; path = Settings.bundle; sourceTree = "<group>"; };
		C6B481BC17FE3EEF0047EB66 /* CURL */ = {isa = PBXFileReference; fileEncoding = 4; lastKnownFileType = text; path = CURL; sourceTree = "<group>"; };
		C6B481BE17FE416B0047EB66 /* VWWGetEventSearchForm.h */ = {isa = PBXFileReference; fileEncoding = 4; lastKnownFileType = sourcecode.c.h; path = VWWGetEventSearchForm.h; sourceTree = "<group>"; };
		C6B481BF17FE416B0047EB66 /* VWWGetEventSearchForm.m */ = {isa = PBXFileReference; fileEncoding = 4; lastKnownFileType = sourcecode.c.objc; path = VWWGetEventSearchForm.m; sourceTree = "<group>"; };
		C6B481C117FE46F20047EB66 /* Assignment */ = {isa = PBXFileReference; fileEncoding = 4; lastKnownFileType = text; path = Assignment; sourceTree = "<group>"; };
		C6B481C317FE48AC0047EB66 /* VWWSearchViewController.h */ = {isa = PBXFileReference; fileEncoding = 4; lastKnownFileType = sourcecode.c.h; path = VWWSearchViewController.h; sourceTree = "<group>"; };
		C6B481C417FE48AC0047EB66 /* VWWSearchViewController.m */ = {isa = PBXFileReference; fileEncoding = 4; lastKnownFileType = sourcecode.c.objc; path = VWWSearchViewController.m; sourceTree = "<group>"; };
		C6B481C617FE492E0047EB66 /* MBProgressHUD.h */ = {isa = PBXFileReference; fileEncoding = 4; lastKnownFileType = sourcecode.c.h; path = MBProgressHUD.h; sourceTree = "<group>"; };
		C6B481C717FE492E0047EB66 /* MBProgressHUD.m */ = {isa = PBXFileReference; fileEncoding = 4; lastKnownFileType = sourcecode.c.objc; path = MBProgressHUD.m; sourceTree = "<group>"; };
		C6B481C917FE4C750047EB66 /* VWWError.h */ = {isa = PBXFileReference; fileEncoding = 4; lastKnownFileType = sourcecode.c.h; path = VWWError.h; sourceTree = "<group>"; };
		C6B481CA17FE4C750047EB66 /* VWWError.m */ = {isa = PBXFileReference; fileEncoding = 4; lastKnownFileType = sourcecode.c.objc; path = VWWError.m; sourceTree = "<group>"; };
/* End PBXFileReference section */

/* Begin PBXFrameworksBuildPhase section */
		C6B480C617FE26D20047EB66 /* Frameworks */ = {
			isa = PBXFrameworksBuildPhase;
			buildActionMask = 2147483647;
			files = (
				C6B4811717FE28350047EB66 /* CoreData.framework in Frameworks */,
				C6B480CF17FE26D20047EB66 /* CoreGraphics.framework in Frameworks */,
				C6B480D117FE26D20047EB66 /* UIKit.framework in Frameworks */,
				C6B480CD17FE26D20047EB66 /* Foundation.framework in Frameworks */,
			);
			runOnlyForDeploymentPostprocessing = 0;
		};
		C6B480EA17FE26D20047EB66 /* Frameworks */ = {
			isa = PBXFrameworksBuildPhase;
			buildActionMask = 2147483647;
			files = (
				C6B480EF17FE26D20047EB66 /* XCTest.framework in Frameworks */,
				C6B480F117FE26D20047EB66 /* UIKit.framework in Frameworks */,
				C6B480F017FE26D20047EB66 /* Foundation.framework in Frameworks */,
			);
			runOnlyForDeploymentPostprocessing = 0;
		};
/* End PBXFrameworksBuildPhase section */

/* Begin PBXGroup section */
		C6537E1317FE75DD00A56A7C /* Search */ = {
			isa = PBXGroup;
			children = (
				C6537E4017FE905900A56A7C /* VWWEventsSearch.h */,
				C6537E4117FE905900A56A7C /* VWWEventsSearch.m */,
				C6537E4517FE91C700A56A7C /* Events */,
			);
			name = Search;
			sourceTree = "<group>";
		};
		C6537E1717FE78DD00A56A7C /* Error */ = {
			isa = PBXGroup;
			children = (
				C6B481C917FE4C750047EB66 /* VWWError.h */,
				C6B481CA17FE4C750047EB66 /* VWWError.m */,
			);
			name = Error;
			sourceTree = "<group>";
		};
		C6537E3417FE8ADB00A56A7C /* Search */ = {
			isa = PBXGroup;
			children = (
				C6B481C317FE48AC0047EB66 /* VWWSearchViewController.h */,
				C6B481C417FE48AC0047EB66 /* VWWSearchViewController.m */,
			);
			name = Search;
			sourceTree = "<group>";
		};
		C6537E3517FE8AED00A56A7C /* Map */ = {
			isa = PBXGroup;
			children = (
				C6537E2E17FE8AB500A56A7C /* VWWResultsMapViewController.h */,
				C6537E2F17FE8AB500A56A7C /* VWWResultsMapViewController.m */,
			);
			name = Map;
			sourceTree = "<group>";
		};
		C6537E3617FE8AF700A56A7C /* Table */ = {
			isa = PBXGroup;
			children = (
				C6537E3C17FE8E7700A56A7C /* Cell */,
				C6537E3117FE8AD100A56A7C /* VWWResultsTableViewController.h */,
				C6537E3217FE8AD100A56A7C /* VWWResultsTableViewController.m */,
			);
			name = Table;
			sourceTree = "<group>";
		};
		C6537E3717FE8B0300A56A7C /* Results */ = {
			isa = PBXGroup;
			children = (
				C6537E3617FE8AF700A56A7C /* Table */,
				C6537E3517FE8AED00A56A7C /* Map */,
			);
			name = Results;
			sourceTree = "<group>";
		};
		C6537E3817FE8DB900A56A7C /* EventDetails */ = {
			isa = PBXGroup;
			children = (
				C6537E3917FE8DCA00A56A7C /* VWWEventDetailsViewController.h */,
				C6537E3A17FE8DCA00A56A7C /* VWWEventDetailsViewController.m */,
			);
			name = EventDetails;
			sourceTree = "<group>";
		};
		C6537E3C17FE8E7700A56A7C /* Cell */ = {
			isa = PBXGroup;
			children = (
				C6537E3D17FE8E8900A56A7C /* VWWResultsTableViewCell.h */,
				C6537E3E17FE8E8900A56A7C /* VWWResultsTableViewCell.m */,
			);
			name = Cell;
			sourceTree = "<group>";
		};
		C6537E4317FE918D00A56A7C /* Event */ = {
			isa = PBXGroup;
			children = (
				C6B4819517FE2F200047EB66 /* VWWEvent.h */,
				C6B4819617FE2F200047EB66 /* VWWEvent.m */,
				C6537E1817FE7BAB00A56A7C /* VWWEventOrganizer.h */,
				C6537E1917FE7BAB00A56A7C /* VWWEventOrganizer.m */,
				C6537E1C17FE7BDF00A56A7C /* VWWEventVenue.h */,
				C6537E1D17FE7BDF00A56A7C /* VWWEventVenue.m */,
				C6537E2217FE80FD00A56A7C /* VWWEventTicket.h */,
				C6537E2317FE80FD00A56A7C /* VWWEventTicket.m */,
			);
			name = Event;
			sourceTree = "<group>";
		};
		C6537E4417FE91B500A56A7C /* Summary */ = {
			isa = PBXGroup;
			children = (
				C6537E1017FE75D900A56A7C /* VWWEventsSummary.h */,
				C6537E1117FE75D900A56A7C /* VWWEventsSummary.m */,
			);
			name = Summary;
			sourceTree = "<group>";
		};
		C6537E4517FE91C700A56A7C /* Events */ = {
			isa = PBXGroup;
			children = (
				C6537E1417FE786800A56A7C /* VWWEvents.h */,
				C6537E1517FE786800A56A7C /* VWWEvents.m */,
				C6537E4417FE91B500A56A7C /* Summary */,
				C6537E4317FE918D00A56A7C /* Event */,
			);
			name = Events;
			sourceTree = "<group>";
		};
		C6B480C017FE26D20047EB66 = {
			isa = PBXGroup;
			children = (
				C6B480D217FE26D20047EB66 /* EventBrite */,
				C6B480F417FE26D20047EB66 /* EventBriteTests */,
				C6B480CB17FE26D20047EB66 /* Frameworks */,
				C6B480CA17FE26D20047EB66 /* Products */,
			);
			sourceTree = "<group>";
		};
		C6B480CA17FE26D20047EB66 /* Products */ = {
			isa = PBXGroup;
			children = (
				C6B480C917FE26D20047EB66 /* EventBrite.app */,
				C6B480ED17FE26D20047EB66 /* EventBriteTests.xctest */,
			);
			name = Products;
			sourceTree = "<group>";
		};
		C6B480CB17FE26D20047EB66 /* Frameworks */ = {
			isa = PBXGroup;
			children = (
				C6B4811617FE28350047EB66 /* CoreData.framework */,
				C6B480CC17FE26D20047EB66 /* Foundation.framework */,
				C6B480CE17FE26D20047EB66 /* CoreGraphics.framework */,
				C6B480D017FE26D20047EB66 /* UIKit.framework */,
				C6B480EE17FE26D20047EB66 /* XCTest.framework */,
			);
			name = Frameworks;
			sourceTree = "<group>";
		};
		C6B480D217FE26D20047EB66 /* EventBrite */ = {
			isa = PBXGroup;
			children = (
				C6B4810D17FE27D10047EB66 /* Categories */,
				C6B4810E17FE27D10047EB66 /* Communications */,
				C6B4810F17FE27D10047EB66 /* Controllers */,
				C6B4811817FE28490047EB66 /* Database */,
				C6B4811017FE27D10047EB66 /* Documents */,
				C6B480E717FE26D20047EB66 /* Images.xcassets */,
				C6B4811517FE27FE0047EB66 /* Include */,
				C6B4811117FE27D10047EB66 /* Models */,
				C6B4810A17FE273D0047EB66 /* README */,
				C6B4811217FE27D10047EB66 /* Resources */,
				C6B481BA17FE3C140047EB66 /* Settings.bundle */,
				C6B480D317FE26D20047EB66 /* Supporting Files */,
				C6B4811317FE27D10047EB66 /* Third Party */,
				C6B4811417FE27D10047EB66 /* User Interface */,
				C6B4817D17FE2C540047EB66 /* Utilities */,
			);
			path = EventBrite;
			sourceTree = "<group>";
		};
		C6B480D317FE26D20047EB66 /* Supporting Files */ = {
			isa = PBXGroup;
			children = (
				C6B480DB17FE26D20047EB66 /* VWWAppDelegate.h */,
				C6B480DC17FE26D20047EB66 /* VWWAppDelegate.m */,
				C6B480D417FE26D20047EB66 /* EventBrite-Info.plist */,
				C6B480D517FE26D20047EB66 /* InfoPlist.strings */,
				C6B480D817FE26D20047EB66 /* main.m */,
				C6B480DA17FE26D20047EB66 /* EventBrite-Prefix.pch */,
			);
			name = "Supporting Files";
			sourceTree = "<group>";
		};
		C6B480F417FE26D20047EB66 /* EventBriteTests */ = {
			isa = PBXGroup;
			children = (
				C6B480FA17FE26D20047EB66 /* EventBriteTests.m */,
				C6B480F517FE26D20047EB66 /* Supporting Files */,
			);
			path = EventBriteTests;
			sourceTree = "<group>";
		};
		C6B480F517FE26D20047EB66 /* Supporting Files */ = {
			isa = PBXGroup;
			children = (
				C6B480F617FE26D20047EB66 /* EventBriteTests-Info.plist */,
				C6B480F717FE26D20047EB66 /* InfoPlist.strings */,
			);
			name = "Supporting Files";
			sourceTree = "<group>";
		};
		C6B4810D17FE27D10047EB66 /* Categories */ = {
			isa = PBXGroup;
			children = (
				C6B4817A17FE2BFD0047EB66 /* NSDictionary+TypedGetters.h */,
				C6B4817B17FE2BFD0047EB66 /* NSDictionary+TypedGetters.m */,
				C6B4816B17FE2ADC0047EB66 /* UIColor+VWW.h */,
				C6B4816C17FE2ADC0047EB66 /* UIColor+VWW.m */,
			);
			path = Categories;
			sourceTree = "<group>";
		};
		C6B4810E17FE27D10047EB66 /* Communications */ = {
			isa = PBXGroup;
			children = (
				C6B4816E17FE2B620047EB66 /* VWWRESTConfig.h */,
				C6B4816F17FE2B620047EB66 /* VWWRESTConfig.m */,
				C6B4817017FE2B620047EB66 /* VWWRESTEngine.h */,
				C6B4817117FE2B620047EB66 /* VWWRESTEngine.m */,
				C6B4817217FE2B620047EB66 /* VWWRESTParser.h */,
				C6B4817317FE2B620047EB66 /* VWWRESTParser.m */,
				C6B4817417FE2B620047EB66 /* VWWRESTSession.h */,
				C6B4817517FE2B620047EB66 /* VWWRESTSession.m */,
			);
			path = Communications;
			sourceTree = "<group>";
		};
		C6B4810F17FE27D10047EB66 /* Controllers */ = {
			isa = PBXGroup;
			children = (
				C6537E2B17FE8A9400A56A7C /* VWWTabBarController.h */,
				C6537E2C17FE8A9400A56A7C /* VWWTabBarController.m */,
				C6537E3417FE8ADB00A56A7C /* Search */,
				C6537E3717FE8B0300A56A7C /* Results */,
				C6537E3817FE8DB900A56A7C /* EventDetails */,
			);
			path = Controllers;
			sourceTree = "<group>";
		};
		C6B4811017FE27D10047EB66 /* Documents */ = {
			isa = PBXGroup;
			children = (
				C6B481B817FE3BDE0047EB66 /* Links */,
				C6B481BC17FE3EEF0047EB66 /* CURL */,
				C6B481C117FE46F20047EB66 /* Assignment */,
				C6537E0E17FE752700A56A7C /* event_00 */,
				C6537E0817FE507800A56A7C /* event_01 */,
				C6537E0A17FE509000A56A7C /* event_02 */,
				C6537E0C17FE50A800A56A7C /* event_03 */,
			);
			path = Documents;
			sourceTree = "<group>";
		};
		C6B4811117FE27D10047EB66 /* Models */ = {
			isa = PBXGroup;
			children = (
				C6B481AD17FE35CD0047EB66 /* authentication */,
				C6B4819417FE2F200047EB66 /* json */,
				C6B4818617FE2EF30047EB66 /* forms */,
			);
			path = Models;
			sourceTree = "<group>";
		};
		C6B4811217FE27D10047EB66 /* Resources */ = {
			isa = PBXGroup;
			children = (
			);
			path = Resources;
			sourceTree = "<group>";
		};
		C6B4811317FE27D10047EB66 /* Third Party */ = {
			isa = PBXGroup;
			children = (
				C6B481B417FE36370047EB66 /* KeychainitemWrapper */,
				C6B4811F17FE2A0B0047EB66 /* MBProgressHUD */,
				C6B4812017FE2A0B0047EB66 /* MKNetworkKit */,
				C6B4813617FE2A0B0047EB66 /* SDWebImage */,
			);
			path = "Third Party";
			sourceTree = "<group>";
		};
		C6B4811417FE27D10047EB66 /* User Interface */ = {
			isa = PBXGroup;
			children = (
				C6537E2517FE8A2F00A56A7C /* Main_iPad.storyboard */,
				C6537E2717FE8A2F00A56A7C /* Main_iPhone.storyboard */,
			);
			path = "User Interface";
			sourceTree = "<group>";
		};
		C6B4811517FE27FE0047EB66 /* Include */ = {
			isa = PBXGroup;
			children = (
				C6B4818317FE2DA00047EB66 /* VWWBlocks.h */,
				C6B4818417FE2DAF0047EB66 /* VWWTypes.h */,
				C6B4818517FE2DBD0047EB66 /* VWWDefines.h */,
			);
			name = Include;
			sourceTree = "<group>";
		};
		C6B4811817FE28490047EB66 /* Database */ = {
			isa = PBXGroup;
			children = (
				C6B4811917FE288B0047EB66 /* EventBrite.xcdatamodeld */,
			);
			path = Database;
			sourceTree = "<group>";
		};
		C6B4811F17FE2A0B0047EB66 /* MBProgressHUD */ = {
			isa = PBXGroup;
			children = (
				C6B481C617FE492E0047EB66 /* MBProgressHUD.h */,
				C6B481C717FE492E0047EB66 /* MBProgressHUD.m */,
			);
			path = MBProgressHUD;
			sourceTree = "<group>";
		};
		C6B4812017FE2A0B0047EB66 /* MKNetworkKit */ = {
			isa = PBXGroup;
			children = (
				C6B4812117FE2A0B0047EB66 /* Categories */,
				C6B4812E17FE2A0B0047EB66 /* MKNetworkEngine.h */,
				C6B4812F17FE2A0B0047EB66 /* MKNetworkEngine.m */,
				C6B4813017FE2A0B0047EB66 /* MKNetworkKit.h */,
				C6B4813117FE2A0B0047EB66 /* MKNetworkOperation.h */,
				C6B4813217FE2A0B0047EB66 /* MKNetworkOperation.m */,
				C6B4813317FE2A0B0047EB66 /* Reachability */,
			);
			path = MKNetworkKit;
			sourceTree = "<group>";
		};
		C6B4812117FE2A0B0047EB66 /* Categories */ = {
			isa = PBXGroup;
			children = (
				C6B4812217FE2A0B0047EB66 /* NSData+MKBase64.h */,
				C6B4812317FE2A0B0047EB66 /* NSData+MKBase64.m */,
				C6B4812417FE2A0B0047EB66 /* NSDate+RFC1123.h */,
				C6B4812517FE2A0B0047EB66 /* NSDate+RFC1123.m */,
				C6B4812617FE2A0B0047EB66 /* NSDictionary+RequestEncoding.h */,
				C6B4812717FE2A0B0047EB66 /* NSDictionary+RequestEncoding.m */,
				C6B4812817FE2A0B0047EB66 /* NSString+MKNetworkKitAdditions.h */,
				C6B4812917FE2A0B0047EB66 /* NSString+MKNetworkKitAdditions.m */,
				C6B4812A17FE2A0B0047EB66 /* UIAlertView+MKNetworkKitAdditions.h */,
				C6B4812B17FE2A0B0047EB66 /* UIAlertView+MKNetworkKitAdditions.m */,
				C6B4812C17FE2A0B0047EB66 /* UIImageView+MKNetworkKitAdditions.h */,
				C6B4812D17FE2A0B0047EB66 /* UIImageView+MKNetworkKitAdditions.m */,
			);
			path = Categories;
			sourceTree = "<group>";
		};
		C6B4813317FE2A0B0047EB66 /* Reachability */ = {
			isa = PBXGroup;
			children = (
				C6B4813417FE2A0B0047EB66 /* Reachability.h */,
				C6B4813517FE2A0B0047EB66 /* Reachability.m */,
			);
			path = Reachability;
			sourceTree = "<group>";
		};
		C6B4813617FE2A0B0047EB66 /* SDWebImage */ = {
			isa = PBXGroup;
			children = (
				C6B4813717FE2A0B0047EB66 /* MKAnnotationView+WebCache.h */,
				C6B4813817FE2A0B0047EB66 /* MKAnnotationView+WebCache.m */,
				C6B4813917FE2A0B0047EB66 /* NSData+GIF.h */,
				C6B4813A17FE2A0B0047EB66 /* NSData+GIF.m */,
				C6B4813B17FE2A0B0047EB66 /* SDImageCache.h */,
				C6B4813C17FE2A0B0047EB66 /* SDImageCache.m */,
				C6B4813D17FE2A0B0047EB66 /* SDWebImageCompat.h */,
				C6B4813E17FE2A0B0047EB66 /* SDWebImageCompat.m */,
				C6B4813F17FE2A0B0047EB66 /* SDWebImageDecoder.h */,
				C6B4814017FE2A0B0047EB66 /* SDWebImageDecoder.m */,
				C6B4814117FE2A0B0047EB66 /* SDWebImageDownloader.h */,
				C6B4814217FE2A0B0047EB66 /* SDWebImageDownloader.m */,
				C6B4814317FE2A0B0047EB66 /* SDWebImageDownloaderOperation.h */,
				C6B4814417FE2A0B0047EB66 /* SDWebImageDownloaderOperation.m */,
				C6B4814517FE2A0B0047EB66 /* SDWebImageManager.h */,
				C6B4814617FE2A0B0047EB66 /* SDWebImageManager.m */,
				C6B4814717FE2A0B0047EB66 /* SDWebImageOperation.h */,
				C6B4814817FE2A0B0047EB66 /* SDWebImagePrefetcher.h */,
				C6B4814917FE2A0B0047EB66 /* SDWebImagePrefetcher.m */,
				C6B4814A17FE2A0B0047EB66 /* UIButton+WebCache.h */,
				C6B4814B17FE2A0B0047EB66 /* UIButton+WebCache.m */,
				C6B4814C17FE2A0B0047EB66 /* UIImage+GIF.h */,
				C6B4814D17FE2A0B0047EB66 /* UIImage+GIF.m */,
				C6B4814E17FE2A0B0047EB66 /* UIImage+MultiFormat.h */,
				C6B4814F17FE2A0B0047EB66 /* UIImage+MultiFormat.m */,
				C6B4815017FE2A0B0047EB66 /* UIImage+WebP.h */,
				C6B4815117FE2A0B0047EB66 /* UIImage+WebP.m */,
				C6B4815217FE2A0B0047EB66 /* UIImageView+WebCache.h */,
				C6B4815317FE2A0B0047EB66 /* UIImageView+WebCache.m */,
			);
			path = SDWebImage;
			sourceTree = "<group>";
		};
		C6B4817D17FE2C540047EB66 /* Utilities */ = {
			isa = PBXGroup;
			children = (
				C6B481A417FE324A0047EB66 /* VWWUserDefaults.h */,
				C6B481A517FE324A0047EB66 /* VWWUserDefaults.m */,
				C6B4817E17FE2C540047EB66 /* VWWUtility.h */,
				C6B4817F17FE2C540047EB66 /* VWWUtility.m */,
			);
			path = Utilities;
			sourceTree = "<group>";
		};
		C6B4818617FE2EF30047EB66 /* forms */ = {
			isa = PBXGroup;
			children = (
				C6B481A717FE342A0047EB66 /* VWWCreateEventForm.h */,
				C6B481A817FE34330047EB66 /* VWWCreateEventForm.m */,
				C6B481A917FE34330047EB66 /* VWWGetEventsForm.h */,
				C6B481AA17FE34330047EB66 /* VWWGetEventsForm.m */,
				C6B481A117FE31DD0047EB66 /* VWWPageForm.h */,
				C6B481A217FE31DD0047EB66 /* VWWPageForm.m */,
				C6B4818B17FE2EF30047EB66 /* VWWHTTPForm.h */,
				C6B4818C17FE2EF30047EB66 /* VWWHTTPForm.m */,
				C6B4818D17FE2EF30047EB66 /* VWWHTTPFormProtocol.h */,
				C6B481BE17FE416B0047EB66 /* VWWGetEventSearchForm.h */,
				C6B481BF17FE416B0047EB66 /* VWWGetEventSearchForm.m */,
			);
			path = forms;
			sourceTree = "<group>";
		};
		C6B4819417FE2F200047EB66 /* json */ = {
			isa = PBXGroup;
			children = (
				C6537E1717FE78DD00A56A7C /* Error */,
				C6537E1317FE75DD00A56A7C /* Search */,
				C6B4819E17FE31520047EB66 /* VWWPagination.h */,
				C6B4819F17FE31520047EB66 /* VWWPagination.m */,
				C6B4819B17FE2F580047EB66 /* VWWModel.h */,
				C6B4819C17FE2F580047EB66 /* VWWModel.m */,
				C6B4819717FE2F200047EB66 /* VWWUser.h */,
				C6B4819817FE2F200047EB66 /* VWWUser.m */,
			);
			path = json;
			sourceTree = "<group>";
		};
		C6B481AD17FE35CD0047EB66 /* authentication */ = {
			isa = PBXGroup;
			children = (
				C6B481AE17FE35CD0047EB66 /* VWWCredential.h */,
				C6B481AF17FE35CD0047EB66 /* VWWCredential.m */,
				C6B481B017FE35CD0047EB66 /* VWWKeychain.h */,
				C6B481B117FE35CD0047EB66 /* VWWKeychain.m */,
			);
			path = authentication;
			sourceTree = "<group>";
		};
		C6B481B417FE36370047EB66 /* KeychainitemWrapper */ = {
			isa = PBXGroup;
			children = (
				C6B481B517FE36370047EB66 /* KeychainItemWrapper.h */,
				C6B481B617FE36370047EB66 /* KeychainItemWrapper.m */,
			);
			path = KeychainitemWrapper;
			sourceTree = "<group>";
		};
/* End PBXGroup section */

/* Begin PBXNativeTarget section */
		C6B480C817FE26D20047EB66 /* EventBrite */ = {
			isa = PBXNativeTarget;
			buildConfigurationList = C6B480FE17FE26D20047EB66 /* Build configuration list for PBXNativeTarget "EventBrite" */;
			buildPhases = (
				C6B480C517FE26D20047EB66 /* Sources */,
				C6B480C617FE26D20047EB66 /* Frameworks */,
				C6B480C717FE26D20047EB66 /* Resources */,
			);
			buildRules = (
			);
			dependencies = (
			);
			name = EventBrite;
			productName = EventBrite;
			productReference = C6B480C917FE26D20047EB66 /* EventBrite.app */;
			productType = "com.apple.product-type.application";
		};
		C6B480EC17FE26D20047EB66 /* EventBriteTests */ = {
			isa = PBXNativeTarget;
			buildConfigurationList = C6B4810117FE26D20047EB66 /* Build configuration list for PBXNativeTarget "EventBriteTests" */;
			buildPhases = (
				C6B480E917FE26D20047EB66 /* Sources */,
				C6B480EA17FE26D20047EB66 /* Frameworks */,
				C6B480EB17FE26D20047EB66 /* Resources */,
			);
			buildRules = (
			);
			dependencies = (
				C6B480F317FE26D20047EB66 /* PBXTargetDependency */,
			);
			name = EventBriteTests;
			productName = EventBriteTests;
			productReference = C6B480ED17FE26D20047EB66 /* EventBriteTests.xctest */;
			productType = "com.apple.product-type.bundle.unit-test";
		};
/* End PBXNativeTarget section */

/* Begin PBXProject section */
		C6B480C117FE26D20047EB66 /* Project object */ = {
			isa = PBXProject;
			attributes = {
				CLASSPREFIX = VWW;
				LastUpgradeCheck = 0500;
				ORGANIZATIONNAME = "Zakk Hoyt";
				TargetAttributes = {
					C6B480EC17FE26D20047EB66 = {
						TestTargetID = C6B480C817FE26D20047EB66;
					};
				};
			};
			buildConfigurationList = C6B480C417FE26D20047EB66 /* Build configuration list for PBXProject "EventBrite" */;
			compatibilityVersion = "Xcode 3.2";
			developmentRegion = English;
			hasScannedForEncodings = 0;
			knownRegions = (
				en,
				Base,
			);
			mainGroup = C6B480C017FE26D20047EB66;
			productRefGroup = C6B480CA17FE26D20047EB66 /* Products */;
			projectDirPath = "";
			projectRoot = "";
			targets = (
				C6B480C817FE26D20047EB66 /* EventBrite */,
				C6B480EC17FE26D20047EB66 /* EventBriteTests */,
			);
		};
/* End PBXProject section */

/* Begin PBXResourcesBuildPhase section */
		C6B480C717FE26D20047EB66 /* Resources */ = {
			isa = PBXResourcesBuildPhase;
			buildActionMask = 2147483647;
			files = (
				C6B481B917FE3BDE0047EB66 /* Links in Resources */,
				C6537E0F17FE752700A56A7C /* event_00 in Resources */,
				C6B4810B17FE273D0047EB66 /* README in Resources */,
				C6B481BD17FE3EEF0047EB66 /* CURL in Resources */,
				C6537E2A17FE8A2F00A56A7C /* Main_iPhone.storyboard in Resources */,
				C6537E0D17FE50A800A56A7C /* event_03 in Resources */,
				C6537E0B17FE509000A56A7C /* event_02 in Resources */,
				C6537E0917FE507800A56A7C /* event_01 in Resources */,
				C6B480E817FE26D20047EB66 /* Images.xcassets in Resources */,
				C6B481C217FE46F20047EB66 /* Assignment in Resources */,
				C6537E2917FE8A2F00A56A7C /* Main_iPad.storyboard in Resources */,
				C6B480D717FE26D20047EB66 /* InfoPlist.strings in Resources */,
				C6B481BB17FE3C140047EB66 /* Settings.bundle in Resources */,
			);
			runOnlyForDeploymentPostprocessing = 0;
		};
		C6B480EB17FE26D20047EB66 /* Resources */ = {
			isa = PBXResourcesBuildPhase;
			buildActionMask = 2147483647;
			files = (
				C6B480F917FE26D20047EB66 /* InfoPlist.strings in Resources */,
			);
			runOnlyForDeploymentPostprocessing = 0;
		};
/* End PBXResourcesBuildPhase section */

/* Begin PBXSourcesBuildPhase section */
		C6B480C517FE26D20047EB66 /* Sources */ = {
			isa = PBXSourcesBuildPhase;
			buildActionMask = 2147483647;
			files = (
				C6B4815C17FE2A0B0047EB66 /* Reachability.m in Sources */,
				C6537E1217FE75D900A56A7C /* VWWEventsSummary.m in Sources */,
				C6537E3017FE8AB500A56A7C /* VWWResultsMapViewController.m in Sources */,
				C6B4816917FE2A0B0047EB66 /* UIImage+WebP.m in Sources */,
				C6B481C017FE416B0047EB66 /* VWWGetEventSearchForm.m in Sources */,
				C6B481CB17FE4C750047EB66 /* VWWError.m in Sources */,
				C6B4815A17FE2A0B0047EB66 /* MKNetworkEngine.m in Sources */,
				C6B4819A17FE2F200047EB66 /* VWWUser.m in Sources */,
				C6B481C517FE48AC0047EB66 /* VWWSearchViewController.m in Sources */,
				C6B4815617FE2A0B0047EB66 /* NSDictionary+RequestEncoding.m in Sources */,
				C6537E1617FE786800A56A7C /* VWWEvents.m in Sources */,
				C6B481C817FE492E0047EB66 /* MBProgressHUD.m in Sources */,
				C6537E4217FE905900A56A7C /* VWWEventsSearch.m in Sources */,
				C6B4817817FE2B620047EB66 /* VWWRESTParser.m in Sources */,
				C6B480D917FE26D20047EB66 /* main.m in Sources */,
				C6B481B717FE36370047EB66 /* KeychainItemWrapper.m in Sources */,
				C6B4819217FE2EF30047EB66 /* VWWHTTPForm.m in Sources */,
				C6B4815417FE2A0B0047EB66 /* NSData+MKBase64.m in Sources */,
				C6B4816317FE2A0B0047EB66 /* SDWebImageDownloaderOperation.m in Sources */,
				C6B481B317FE35CD0047EB66 /* VWWKeychain.m in Sources */,
				C6537E3B17FE8DCA00A56A7C /* VWWEventDetailsViewController.m in Sources */,
				C6B480DD17FE26D20047EB66 /* VWWAppDelegate.m in Sources */,
				C6B4815F17FE2A0B0047EB66 /* SDImageCache.m in Sources */,
				C6B4819D17FE2F580047EB66 /* VWWModel.m in Sources */,
				C6B4819917FE2F200047EB66 /* VWWEvent.m in Sources */,
				C6B4815B17FE2A0B0047EB66 /* MKNetworkOperation.m in Sources */,
				C6B4815817FE2A0B0047EB66 /* UIAlertView+MKNetworkKitAdditions.m in Sources */,
				C6B4816017FE2A0B0047EB66 /* SDWebImageCompat.m in Sources */,
				C6537E1A17FE7BAB00A56A7C /* VWWEventOrganizer.m in Sources */,
				C6B481AB17FE34330047EB66 /* VWWCreateEventForm.m in Sources */,
				C6B4815E17FE2A0B0047EB66 /* NSData+GIF.m in Sources */,
				C6B4811B17FE288B0047EB66 /* EventBrite.xcdatamodeld in Sources */,
				C6B4816417FE2A0B0047EB66 /* SDWebImageManager.m in Sources */,
				C6B4816217FE2A0B0047EB66 /* SDWebImageDownloader.m in Sources */,
				C6B4818017FE2C540047EB66 /* VWWUtility.m in Sources */,
				C6B4815D17FE2A0B0047EB66 /* MKAnnotationView+WebCache.m in Sources */,
				C6B4816717FE2A0B0047EB66 /* UIImage+GIF.m in Sources */,
				C6B4815717FE2A0B0047EB66 /* NSString+MKNetworkKitAdditions.m in Sources */,
				C6B481A017FE31520047EB66 /* VWWPagination.m in Sources */,
				C6B4817917FE2B620047EB66 /* VWWRESTSession.m in Sources */,
				C6B4816517FE2A0B0047EB66 /* SDWebImagePrefetcher.m in Sources */,
				C6537E3317FE8AD100A56A7C /* VWWResultsTableViewController.m in Sources */,
				C6B4816617FE2A0B0047EB66 /* UIButton+WebCache.m in Sources */,
				C6537E1E17FE7BDF00A56A7C /* VWWEventVenue.m in Sources */,
				C6537E3F17FE8E8900A56A7C /* VWWResultsTableViewCell.m in Sources */,
				C6B481AC17FE34330047EB66 /* VWWGetEventsForm.m in Sources */,
				C6B4816A17FE2A0B0047EB66 /* UIImageView+WebCache.m in Sources */,
				C6537E2D17FE8A9400A56A7C /* VWWTabBarController.m in Sources */,
				C6B4816817FE2A0B0047EB66 /* UIImage+MultiFormat.m in Sources */,
				C6B481A617FE324A0047EB66 /* VWWUserDefaults.m in Sources */,
				C6B4816117FE2A0B0047EB66 /* SDWebImageDecoder.m in Sources */,
				C6B481B217FE35CD0047EB66 /* VWWCredential.m in Sources */,
				C6B4816D17FE2ADC0047EB66 /* UIColor+VWW.m in Sources */,
				C6B4817C17FE2BFD0047EB66 /* NSDictionary+TypedGetters.m in Sources */,
				C6B4817617FE2B620047EB66 /* VWWRESTConfig.m in Sources */,
				C6537E2417FE80FD00A56A7C /* VWWEventTicket.m in Sources */,
				C6B481A317FE31DD0047EB66 /* VWWPageForm.m in Sources */,
				C6B4815517FE2A0B0047EB66 /* NSDate+RFC1123.m in Sources */,
				C6B4817717FE2B620047EB66 /* VWWRESTEngine.m in Sources */,
			);
			runOnlyForDeploymentPostprocessing = 0;
		};
		C6B480E917FE26D20047EB66 /* Sources */ = {
			isa = PBXSourcesBuildPhase;
			buildActionMask = 2147483647;
			files = (
				C6B480FB17FE26D20047EB66 /* EventBriteTests.m in Sources */,
			);
			runOnlyForDeploymentPostprocessing = 0;
		};
/* End PBXSourcesBuildPhase section */

/* Begin PBXTargetDependency section */
		C6B480F317FE26D20047EB66 /* PBXTargetDependency */ = {
			isa = PBXTargetDependency;
			target = C6B480C817FE26D20047EB66 /* EventBrite */;
			targetProxy = C6B480F217FE26D20047EB66 /* PBXContainerItemProxy */;
		};
/* End PBXTargetDependency section */

/* Begin PBXVariantGroup section */
		C6537E2517FE8A2F00A56A7C /* Main_iPad.storyboard */ = {
			isa = PBXVariantGroup;
			children = (
				C6537E2617FE8A2F00A56A7C /* Base */,
			);
			name = Main_iPad.storyboard;
			sourceTree = "<group>";
		};
		C6537E2717FE8A2F00A56A7C /* Main_iPhone.storyboard */ = {
			isa = PBXVariantGroup;
			children = (
				C6537E2817FE8A2F00A56A7C /* Base */,
			);
			name = Main_iPhone.storyboard;
			sourceTree = "<group>";
		};
		C6B480D517FE26D20047EB66 /* InfoPlist.strings */ = {
			isa = PBXVariantGroup;
			children = (
				C6B480D617FE26D20047EB66 /* en */,
			);
			name = InfoPlist.strings;
			sourceTree = "<group>";
		};
		C6B480F717FE26D20047EB66 /* InfoPlist.strings */ = {
			isa = PBXVariantGroup;
			children = (
				C6B480F817FE26D20047EB66 /* en */,
			);
			name = InfoPlist.strings;
			sourceTree = "<group>";
		};
/* End PBXVariantGroup section */

/* Begin XCBuildConfiguration section */
		C6B480FC17FE26D20047EB66 /* Debug */ = {
			isa = XCBuildConfiguration;
			buildSettings = {
				ALWAYS_SEARCH_USER_PATHS = NO;
				ARCHS = "$(ARCHS_STANDARD_INCLUDING_64_BIT)";
				CLANG_CXX_LANGUAGE_STANDARD = "gnu++0x";
				CLANG_CXX_LIBRARY = "libc++";
				CLANG_ENABLE_MODULES = YES;
				CLANG_ENABLE_OBJC_ARC = YES;
				CLANG_WARN_BOOL_CONVERSION = YES;
				CLANG_WARN_CONSTANT_CONVERSION = YES;
				CLANG_WARN_DIRECT_OBJC_ISA_USAGE = YES_ERROR;
				CLANG_WARN_EMPTY_BODY = YES;
				CLANG_WARN_ENUM_CONVERSION = YES;
				CLANG_WARN_INT_CONVERSION = YES;
				CLANG_WARN_OBJC_ROOT_CLASS = YES_ERROR;
				CLANG_WARN__DUPLICATE_METHOD_MATCH = YES;
				"CODE_SIGN_IDENTITY[sdk=iphoneos*]" = "iPhone Developer";
				COPY_PHASE_STRIP = NO;
				GCC_C_LANGUAGE_STANDARD = gnu99;
				GCC_DYNAMIC_NO_PIC = NO;
				GCC_OPTIMIZATION_LEVEL = 0;
				GCC_PREPROCESSOR_DEFINITIONS = (
					"DEBUG=1",
					"$(inherited)",
				);
				GCC_SYMBOLS_PRIVATE_EXTERN = NO;
				GCC_WARN_64_TO_32_BIT_CONVERSION = YES;
				GCC_WARN_ABOUT_RETURN_TYPE = YES_ERROR;
				GCC_WARN_UNDECLARED_SELECTOR = YES;
				GCC_WARN_UNINITIALIZED_AUTOS = YES;
				GCC_WARN_UNUSED_FUNCTION = YES;
				GCC_WARN_UNUSED_VARIABLE = YES;
				IPHONEOS_DEPLOYMENT_TARGET = 7.0;
				ONLY_ACTIVE_ARCH = YES;
				SDKROOT = iphoneos;
				TARGETED_DEVICE_FAMILY = "1,2";
			};
			name = Debug;
		};
		C6B480FD17FE26D20047EB66 /* Release */ = {
			isa = XCBuildConfiguration;
			buildSettings = {
				ALWAYS_SEARCH_USER_PATHS = NO;
				ARCHS = "$(ARCHS_STANDARD_INCLUDING_64_BIT)";
				CLANG_CXX_LANGUAGE_STANDARD = "gnu++0x";
				CLANG_CXX_LIBRARY = "libc++";
				CLANG_ENABLE_MODULES = YES;
				CLANG_ENABLE_OBJC_ARC = YES;
				CLANG_WARN_BOOL_CONVERSION = YES;
				CLANG_WARN_CONSTANT_CONVERSION = YES;
				CLANG_WARN_DIRECT_OBJC_ISA_USAGE = YES_ERROR;
				CLANG_WARN_EMPTY_BODY = YES;
				CLANG_WARN_ENUM_CONVERSION = YES;
				CLANG_WARN_INT_CONVERSION = YES;
				CLANG_WARN_OBJC_ROOT_CLASS = YES_ERROR;
				CLANG_WARN__DUPLICATE_METHOD_MATCH = YES;
				"CODE_SIGN_IDENTITY[sdk=iphoneos*]" = "iPhone Developer";
				COPY_PHASE_STRIP = YES;
				ENABLE_NS_ASSERTIONS = NO;
				GCC_C_LANGUAGE_STANDARD = gnu99;
				GCC_WARN_64_TO_32_BIT_CONVERSION = YES;
				GCC_WARN_ABOUT_RETURN_TYPE = YES_ERROR;
				GCC_WARN_UNDECLARED_SELECTOR = YES;
				GCC_WARN_UNINITIALIZED_AUTOS = YES;
				GCC_WARN_UNUSED_FUNCTION = YES;
				GCC_WARN_UNUSED_VARIABLE = YES;
				IPHONEOS_DEPLOYMENT_TARGET = 7.0;
				SDKROOT = iphoneos;
				TARGETED_DEVICE_FAMILY = "1,2";
				VALIDATE_PRODUCT = YES;
			};
			name = Release;
		};
		C6B480FF17FE26D20047EB66 /* Debug */ = {
			isa = XCBuildConfiguration;
			buildSettings = {
				ASSETCATALOG_COMPILER_APPICON_NAME = AppIcon;
				ASSETCATALOG_COMPILER_LAUNCHIMAGE_NAME = LaunchImage;
				GCC_PRECOMPILE_PREFIX_HEADER = YES;
				GCC_PREFIX_HEADER = "EventBrite/EventBrite-Prefix.pch";
				INFOPLIST_FILE = "EventBrite/EventBrite-Info.plist";
				PRODUCT_NAME = "$(TARGET_NAME)";
				WRAPPER_EXTENSION = app;
			};
			name = Debug;
		};
		C6B4810017FE26D20047EB66 /* Release */ = {
			isa = XCBuildConfiguration;
			buildSettings = {
				ASSETCATALOG_COMPILER_APPICON_NAME = AppIcon;
				ASSETCATALOG_COMPILER_LAUNCHIMAGE_NAME = LaunchImage;
				GCC_PRECOMPILE_PREFIX_HEADER = YES;
				GCC_PREFIX_HEADER = "EventBrite/EventBrite-Prefix.pch";
				INFOPLIST_FILE = "EventBrite/EventBrite-Info.plist";
				PRODUCT_NAME = "$(TARGET_NAME)";
				WRAPPER_EXTENSION = app;
			};
			name = Release;
		};
		C6B4810217FE26D20047EB66 /* Debug */ = {
			isa = XCBuildConfiguration;
			buildSettings = {
				ARCHS = "$(ARCHS_STANDARD_INCLUDING_64_BIT)";
				BUNDLE_LOADER = "$(BUILT_PRODUCTS_DIR)/EventBrite.app/EventBrite";
				FRAMEWORK_SEARCH_PATHS = (
					"$(SDKROOT)/Developer/Library/Frameworks",
					"$(inherited)",
					"$(DEVELOPER_FRAMEWORKS_DIR)",
				);
				GCC_PRECOMPILE_PREFIX_HEADER = YES;
				GCC_PREFIX_HEADER = "EventBrite/EventBrite-Prefix.pch";
				GCC_PREPROCESSOR_DEFINITIONS = (
					"DEBUG=1",
					"$(inherited)",
				);
				INFOPLIST_FILE = "EventBriteTests/EventBriteTests-Info.plist";
				PRODUCT_NAME = "$(TARGET_NAME)";
				TEST_HOST = "$(BUNDLE_LOADER)";
				WRAPPER_EXTENSION = xctest;
			};
			name = Debug;
		};
		C6B4810317FE26D20047EB66 /* Release */ = {
			isa = XCBuildConfiguration;
			buildSettings = {
				ARCHS = "$(ARCHS_STANDARD_INCLUDING_64_BIT)";
				BUNDLE_LOADER = "$(BUILT_PRODUCTS_DIR)/EventBrite.app/EventBrite";
				FRAMEWORK_SEARCH_PATHS = (
					"$(SDKROOT)/Developer/Library/Frameworks",
					"$(inherited)",
					"$(DEVELOPER_FRAMEWORKS_DIR)",
				);
				GCC_PRECOMPILE_PREFIX_HEADER = YES;
				GCC_PREFIX_HEADER = "EventBrite/EventBrite-Prefix.pch";
				INFOPLIST_FILE = "EventBriteTests/EventBriteTests-Info.plist";
				PRODUCT_NAME = "$(TARGET_NAME)";
				TEST_HOST = "$(BUNDLE_LOADER)";
				WRAPPER_EXTENSION = xctest;
			};
			name = Release;
		};
/* End XCBuildConfiguration section */

/* Begin XCConfigurationList section */
		C6B480C417FE26D20047EB66 /* Build configuration list for PBXProject "EventBrite" */ = {
			isa = XCConfigurationList;
			buildConfigurations = (
				C6B480FC17FE26D20047EB66 /* Debug */,
				C6B480FD17FE26D20047EB66 /* Release */,
			);
			defaultConfigurationIsVisible = 0;
			defaultConfigurationName = Release;
		};
		C6B480FE17FE26D20047EB66 /* Build configuration list for PBXNativeTarget "EventBrite" */ = {
			isa = XCConfigurationList;
			buildConfigurations = (
				C6B480FF17FE26D20047EB66 /* Debug */,
				C6B4810017FE26D20047EB66 /* Release */,
			);
			defaultConfigurationIsVisible = 0;
			defaultConfigurationName = Release;
		};
		C6B4810117FE26D20047EB66 /* Build configuration list for PBXNativeTarget "EventBriteTests" */ = {
			isa = XCConfigurationList;
			buildConfigurations = (
				C6B4810217FE26D20047EB66 /* Debug */,
				C6B4810317FE26D20047EB66 /* Release */,
			);
			defaultConfigurationIsVisible = 0;
			defaultConfigurationName = Release;
		};
/* End XCConfigurationList section */

/* Begin XCVersionGroup section */
		C6B4811917FE288B0047EB66 /* EventBrite.xcdatamodeld */ = {
			isa = XCVersionGroup;
			children = (
				C6B4811A17FE288B0047EB66 /* EventBrite.xcdatamodel */,
			);
			currentVersion = C6B4811A17FE288B0047EB66 /* EventBrite.xcdatamodel */;
			name = EventBrite.xcdatamodeld;
			path = ../EventBrite.xcdatamodeld;
			sourceTree = "<group>";
			versionGroupType = wrapper.xcdatamodel;
		};
/* End XCVersionGroup section */
	};
	rootObject = C6B480C117FE26D20047EB66 /* Project object */;
}
